// !$*UTF8*$!
{
	archiveVersion = 1;
	classes = {
	};
	objectVersion = 55;
	objects = {

/* Begin PBXBuildFile section */
		81624E32282F5896008BBBE3 /* main.cpp in Sources */ = {isa = PBXBuildFile; fileRef = 81624E31282F5896008BBBE3 /* main.cpp */; };
		81624E3B282F5A1D008BBBE3 /* NBAStore.cpp in Sources */ = {isa = PBXBuildFile; fileRef = 81624E39282F5A1D008BBBE3 /* NBAStore.cpp */; };
		81624E40282F5AF8008BBBE3 /* libsqlite3.tbd in Frameworks */ = {isa = PBXBuildFile; fileRef = 81624E3F282F5AF8008BBBE3 /* libsqlite3.tbd */; };
/* End PBXBuildFile section */

/* Begin PBXCopyFilesBuildPhase section */
		81624E2C282F5896008BBBE3 /* CopyFiles */ = {
			isa = PBXCopyFilesBuildPhase;
			buildActionMask = 2147483647;
			dstPath = /usr/share/man/man1/;
			dstSubfolderSpec = 0;
			files = (
			);
			runOnlyForDeploymentPostprocessing = 1;
		};
/* End PBXCopyFilesBuildPhase section */

/* Begin PBXFileReference section */
		81624E2E282F5896008BBBE3 /* NBA-Store */ = {isa = PBXFileReference; explicitFileType = "compiled.mach-o.executable"; includeInIndex = 0; path = "NBA-Store"; sourceTree = BUILT_PRODUCTS_DIR; };
		81624E31282F5896008BBBE3 /* main.cpp */ = {isa = PBXFileReference; lastKnownFileType = sourcecode.cpp.cpp; path = main.cpp; sourceTree = "<group>"; };
		81624E38282F59F6008BBBE3 /* NBA.db */ = {isa = PBXFileReference; lastKnownFileType = file; path = NBA.db; sourceTree = "<group>"; };
		81624E39282F5A1D008BBBE3 /* NBAStore.cpp */ = {isa = PBXFileReference; lastKnownFileType = sourcecode.cpp.cpp; path = NBAStore.cpp; sourceTree = "<group>"; };
		81624E3A282F5A1D008BBBE3 /* NBAStore.hpp */ = {isa = PBXFileReference; lastKnownFileType = sourcecode.cpp.h; path = NBAStore.hpp; sourceTree = "<group>"; };
		81624E3F282F5AF8008BBBE3 /* libsqlite3.tbd */ = {isa = PBXFileReference; lastKnownFileType = "sourcecode.text-based-dylib-definition"; name = libsqlite3.tbd; path = usr/lib/libsqlite3.tbd; sourceTree = SDKROOT; };
		81624E41282F6F5A008BBBE3 /* Division.h */ = {isa = PBXFileReference; lastKnownFileType = sourcecode.c.h; path = Division.h; sourceTree = "<group>"; };
		81624E43282F7ACF008BBBE3 /* Team.h */ = {isa = PBXFileReference; lastKnownFileType = sourcecode.c.h; path = Team.h; sourceTree = "<group>"; };
		81624E44282F9113008BBBE3 /* Game.h */ = {isa = PBXFileReference; lastKnownFileType = sourcecode.c.h; path = Game.h; sourceTree = "<group>"; };
		81624E45282F9370008BBBE3 /* Arena.h */ = {isa = PBXFileReference; lastKnownFileType = sourcecode.c.h; path = Arena.h; sourceTree = "<group>"; };
/* End PBXFileReference section */

/* Begin PBXFrameworksBuildPhase section */
		81624E2B282F5896008BBBE3 /* Frameworks */ = {
			isa = PBXFrameworksBuildPhase;
			buildActionMask = 2147483647;
			files = (
				81624E40282F5AF8008BBBE3 /* libsqlite3.tbd in Frameworks */,
			);
			runOnlyForDeploymentPostprocessing = 0;
		};
/* End PBXFrameworksBuildPhase section */

/* Begin PBXGroup section */
		81624E25282F5896008BBBE3 = {
			isa = PBXGroup;
			children = (
				81624E30282F5896008BBBE3 /* NBA-Store */,
				81624E2F282F5896008BBBE3 /* Products */,
				81624E3E282F5AF8008BBBE3 /* Frameworks */,
			);
			sourceTree = "<group>";
		};
		81624E2F282F5896008BBBE3 /* Products */ = {
			isa = PBXGroup;
			children = (
				81624E2E282F5896008BBBE3 /* NBA-Store */,
			);
			name = Products;
			sourceTree = "<group>";
		};
		81624E30282F5896008BBBE3 /* NBA-Store */ = {
			isa = PBXGroup;
			children = (
				81624E31282F5896008BBBE3 /* main.cpp */,
				81624E39282F5A1D008BBBE3 /* NBAStore.cpp */,
				81624E3A282F5A1D008BBBE3 /* NBAStore.hpp */,
				81624E38282F59F6008BBBE3 /* NBA.db */,
				81624E42282F71B6008BBBE3 /* Models */,
			);
			path = "NBA-Store";
			sourceTree = "<group>";
		};
		81624E3E282F5AF8008BBBE3 /* Frameworks */ = {
			isa = PBXGroup;
			children = (
				81624E3F282F5AF8008BBBE3 /* libsqlite3.tbd */,
			);
			name = Frameworks;
			sourceTree = "<group>";
		};
		81624E42282F71B6008BBBE3 /* Models */ = {
			isa = PBXGroup;
			children = (
				81624E41282F6F5A008BBBE3 /* Division.h */,
				81624E43282F7ACF008BBBE3 /* Team.h */,
				81624E44282F9113008BBBE3 /* Game.h */,
				81624E45282F9370008BBBE3 /* Arena.h */,
			);
			path = Models;
			sourceTree = "<group>";
		};
/* End PBXGroup section */

/* Begin PBXNativeTarget section */
		81624E2D282F5896008BBBE3 /* NBA-Store */ = {
			isa = PBXNativeTarget;
			buildConfigurationList = 81624E35282F5896008BBBE3 /* Build configuration list for PBXNativeTarget "NBA-Store" */;
			buildPhases = (
				81624E2A282F5896008BBBE3 /* Sources */,
				81624E2B282F5896008BBBE3 /* Frameworks */,
				81624E2C282F5896008BBBE3 /* CopyFiles */,
			);
			buildRules = (
			);
			dependencies = (
			);
			name = "NBA-Store";
			productName = "NBA-Store";
			productReference = 81624E2E282F5896008BBBE3 /* NBA-Store */;
			productType = "com.apple.product-type.tool";
		};
/* End PBXNativeTarget section */

/* Begin PBXProject section */
		81624E26282F5896008BBBE3 /* Project object */ = {
			isa = PBXProject;
			attributes = {
				BuildIndependentTargetsInParallel = 1;
				LastUpgradeCheck = 1320;
				TargetAttributes = {
					81624E2D282F5896008BBBE3 = {
						CreatedOnToolsVersion = 13.2.1;
					};
				};
			};
			buildConfigurationList = 81624E29282F5896008BBBE3 /* Build configuration list for PBXProject "NBA-Store" */;
			compatibilityVersion = "Xcode 13.0";
			developmentRegion = en;
			hasScannedForEncodings = 0;
			knownRegions = (
				en,
				Base,
			);
			mainGroup = 81624E25282F5896008BBBE3;
			productRefGroup = 81624E2F282F5896008BBBE3 /* Products */;
			projectDirPath = "";
			projectRoot = "";
			targets = (
				81624E2D282F5896008BBBE3 /* NBA-Store */,
			);
		};
/* End PBXProject section */

/* Begin PBXSourcesBuildPhase section */
		81624E2A282F5896008BBBE3 /* Sources */ = {
			isa = PBXSourcesBuildPhase;
			buildActionMask = 2147483647;
			files = (
				81624E32282F5896008BBBE3 /* main.cpp in Sources */,
				81624E3B282F5A1D008BBBE3 /* NBAStore.cpp in Sources */,
			);
			runOnlyForDeploymentPostprocessing = 0;
		};
/* End PBXSourcesBuildPhase section */

/* Begin XCBuildConfiguration section */
		81624E33282F5896008BBBE3 /* Debug */ = {
			isa = XCBuildConfiguration;
			buildSettings = {
				ALWAYS_SEARCH_USER_PATHS = NO;
				CLANG_ANALYZER_NONNULL = YES;
				CLANG_ANALYZER_NUMBER_OBJECT_CONVERSION = YES_AGGRESSIVE;
				CLANG_CXX_LANGUAGE_STANDARD = "gnu++17";
				CLANG_CXX_LIBRARY = "libc++";
				CLANG_ENABLE_MODULES = YES;
				CLANG_ENABLE_OBJC_ARC = YES;
				CLANG_ENABLE_OBJC_WEAK = YES;
				CLANG_WARN_BLOCK_CAPTURE_AUTORELEASING = YES;
				CLANG_WARN_BOOL_CONVERSION = YES;
				CLANG_WARN_COMMA = YES;
				CLANG_WARN_CONSTANT_CONVERSION = YES;
				CLANG_WARN_DEPRECATED_OBJC_IMPLEMENTATIONS = YES;
				CLANG_WARN_DIRECT_OBJC_ISA_USAGE = YES_ERROR;
				CLANG_WARN_DOCUMENTATION_COMMENTS = YES;
				CLANG_WARN_EMPTY_BODY = YES;
				CLANG_WARN_ENUM_CONVERSION = YES;
				CLANG_WARN_INFINITE_RECURSION = YES;
				CLANG_WARN_INT_CONVERSION = YES;
				CLANG_WARN_NON_LITERAL_NULL_CONVERSION = YES;
				CLANG_WARN_OBJC_IMPLICIT_RETAIN_SELF = YES;
				CLANG_WARN_OBJC_LITERAL_CONVERSION = YES;
				CLANG_WARN_OBJC_ROOT_CLASS = YES_ERROR;
				CLANG_WARN_QUOTED_INCLUDE_IN_FRAMEWORK_HEADER = YES;
				CLANG_WARN_RANGE_LOOP_ANALYSIS = YES;
				CLANG_WARN_STRICT_PROTOTYPES = YES;
				CLANG_WARN_SUSPICIOUS_MOVE = YES;
				CLANG_WARN_UNGUARDED_AVAILABILITY = YES_AGGRESSIVE;
				CLANG_WARN_UNREACHABLE_CODE = YES;
				CLANG_WARN__DUPLICATE_METHOD_MATCH = YES;
				COPY_PHASE_STRIP = NO;
				DEBUG_INFORMATION_FORMAT = dwarf;
				ENABLE_STRICT_OBJC_MSGSEND = YES;
				ENABLE_TESTABILITY = YES;
				GCC_C_LANGUAGE_STANDARD = gnu11;
				GCC_DYNAMIC_NO_PIC = NO;
				GCC_NO_COMMON_BLOCKS = YES;
				GCC_OPTIMIZATION_LEVEL = 0;
				GCC_PREPROCESSOR_DEFINITIONS = (
					"DEBUG=1",
					"$(inherited)",
				);
				GCC_WARN_64_TO_32_BIT_CONVERSION = YES;
				GCC_WARN_ABOUT_RETURN_TYPE = YES_ERROR;
				GCC_WARN_UNDECLARED_SELECTOR = YES;
				GCC_WARN_UNINITIALIZED_AUTOS = YES_AGGRESSIVE;
				GCC_WARN_UNUSED_FUNCTION = YES;
				GCC_WARN_UNUSED_VARIABLE = YES;
				MACOSX_DEPLOYMENT_TARGET = 12.0;
				MTL_ENABLE_DEBUG_INFO = INCLUDE_SOURCE;
				MTL_FAST_MATH = YES;
				ONLY_ACTIVE_ARCH = YES;
				SDKROOT = macosx;
			};
			name = Debug;
		};
		81624E34282F5896008BBBE3 /* Release */ = {
			isa = XCBuildConfiguration;
			buildSettings = {
				ALWAYS_SEARCH_USER_PATHS = NO;
				CLANG_ANALYZER_NONNULL = YES;
				CLANG_ANALYZER_NUMBER_OBJECT_CONVERSION = YES_AGGRESSIVE;
				CLANG_CXX_LANGUAGE_STANDARD = "gnu++17";
				CLANG_CXX_LIBRARY = "libc++";
				CLANG_ENABLE_MODULES = YES;
				CLANG_ENABLE_OBJC_ARC = YES;
				CLANG_ENABLE_OBJC_WEAK = YES;
				CLANG_WARN_BLOCK_CAPTURE_AUTORELEASING = YES;
				CLANG_WARN_BOOL_CONVERSION = YES;
				CLANG_WARN_COMMA = YES;
				CLANG_WARN_CONSTANT_CONVERSION = YES;
				CLANG_WARN_DEPRECATED_OBJC_IMPLEMENTATIONS = YES;
				CLANG_WARN_DIRECT_OBJC_ISA_USAGE = YES_ERROR;
				CLANG_WARN_DOCUMENTATION_COMMENTS = YES;
				CLANG_WARN_EMPTY_BODY = YES;
				CLANG_WARN_ENUM_CONVERSION = YES;
				CLANG_WARN_INFINITE_RECURSION = YES;
				CLANG_WARN_INT_CONVERSION = YES;
				CLANG_WARN_NON_LITERAL_NULL_CONVERSION = YES;
				CLANG_WARN_OBJC_IMPLICIT_RETAIN_SELF = YES;
				CLANG_WARN_OBJC_LITERAL_CONVERSION = YES;
				CLANG_WARN_OBJC_ROOT_CLASS = YES_ERROR;
				CLANG_WARN_QUOTED_INCLUDE_IN_FRAMEWORK_HEADER = YES;
				CLANG_WARN_RANGE_LOOP_ANALYSIS = YES;
				CLANG_WARN_STRICT_PROTOTYPES = YES;
				CLANG_WARN_SUSPICIOUS_MOVE = YES;
				CLANG_WARN_UNGUARDED_AVAILABILITY = YES_AGGRESSIVE;
				CLANG_WARN_UNREACHABLE_CODE = YES;
				CLANG_WARN__DUPLICATE_METHOD_MATCH = YES;
				COPY_PHASE_STRIP = NO;
				DEBUG_INFORMATION_FORMAT = "dwarf-with-dsym";
				ENABLE_NS_ASSERTIONS = NO;
				ENABLE_STRICT_OBJC_MSGSEND = YES;
				GCC_C_LANGUAGE_STANDARD = gnu11;
				GCC_NO_COMMON_BLOCKS = YES;
				GCC_WARN_64_TO_32_BIT_CONVERSION = YES;
				GCC_WARN_ABOUT_RETURN_TYPE = YES_ERROR;
				GCC_WARN_UNDECLARED_SELECTOR = YES;
				GCC_WARN_UNINITIALIZED_AUTOS = YES_AGGRESSIVE;
				GCC_WARN_UNUSED_FUNCTION = YES;
				GCC_WARN_UNUSED_VARIABLE = YES;
				MACOSX_DEPLOYMENT_TARGET = 12.0;
				MTL_ENABLE_DEBUG_INFO = NO;
				MTL_FAST_MATH = YES;
				SDKROOT = macosx;
			};
			name = Release;
		};
		81624E36282F5896008BBBE3 /* Debug */ = {
			isa = XCBuildConfiguration;
			buildSettings = {
				CODE_SIGN_STYLE = Automatic;
				DEVELOPMENT_TEAM = 2HB3YHCHVH;
				ENABLE_HARDENED_RUNTIME = YES;
				PRODUCT_NAME = "$(TARGET_NAME)";
			};
			name = Debug;
		};
		81624E37282F5896008BBBE3 /* Release */ = {
			isa = XCBuildConfiguration;
			buildSettings = {
				CODE_SIGN_STYLE = Automatic;
				DEVELOPMENT_TEAM = 2HB3YHCHVH;
				ENABLE_HARDENED_RUNTIME = YES;
				PRODUCT_NAME = "$(TARGET_NAME)";
			};
			name = Release;
		};
/* End XCBuildConfiguration section */

/* Begin XCConfigurationList section */
		81624E29282F5896008BBBE3 /* Build configuration list for PBXProject "NBA-Store" */ = {
			isa = XCConfigurationList;
			buildConfigurations = (
				81624E33282F5896008BBBE3 /* Debug */,
				81624E34282F5896008BBBE3 /* Release */,
			);
			defaultConfigurationIsVisible = 0;
			defaultConfigurationName = Release;
		};
		81624E35282F5896008BBBE3 /* Build configuration list for PBXNativeTarget "NBA-Store" */ = {
			isa = XCConfigurationList;
			buildConfigurations = (
				81624E36282F5896008BBBE3 /* Debug */,
				81624E37282F5896008BBBE3 /* Release */,
			);
			defaultConfigurationIsVisible = 0;
			defaultConfigurationName = Release;
		};
/* End XCConfigurationList section */
	};
	rootObject = 81624E26282F5896008BBBE3 /* Project object */;
}
